
Microsoft Visual Studio Solution File, Format Version 12.00
# Visual Studio 14
VisualStudioVersion = 14.0.25420.1
MinimumVisualStudioVersion = 10.0.40219.1
Project("{FAE04EC0-301F-11D3-BF4B-00C04F79EFBC}") = "Restaurant.API", "Restaurant.API\Restaurant.API.csproj", "{6BB3CEA7-8D1B-460F-8EF3-A5263CE1C713}"
EndProject
Project("{FAE04EC0-301F-11D3-BF4B-00C04F79EFBC}") = "Restaurant.Common", "Restaurant.Common\Restaurant.Common.csproj", "{15CCBE9C-758D-409A-A0DA-113AD7F8541E}"
EndProject
Project("{FAE04EC0-301F-11D3-BF4B-00C04F79EFBC}") = "Restaurant.Core", "Restaurant.Core\Restaurant.Core.csproj", "{9094FBBA-221F-4060-9BD7-FD40879E4B9D}"
EndProject
Project("{00D1A9C2-B5F0-4AF3-8072-F6C62B433612}") = "Restaurant.Data.Sql", "Restaurant.Data.Sql\Restaurant.Data.Sql.sqlproj", "{128F17BB-1335-4BF1-8799-A95ED9DA965F}"
EndProject
Project("{FAE04EC0-301F-11D3-BF4B-00C04F79EFBC}") = "Restaurant.Data", "Restaurant.Data\Restaurant.Data.csproj", "{CD78DE41-B665-4616-AB2B-BF292816937A}"
EndProject
Project("{FAE04EC0-301F-11D3-BF4B-00C04F79EFBC}") = "Restaurant.Data.Model", "Restaurant.Data.Model\Restaurant.Data.Model.csproj", "{0EE12CA2-AF35-4332-B0A2-5A2FE804CCDA}"
EndProject
Project("{FAE04EC0-301F-11D3-BF4B-00C04F79EFBC}") = "Restaurant.Data.Entities", "Restaurant.Data.Entities\Restaurant.Data.Entities.csproj", "{36757EF9-F496-43DF-93A2-2B173A36F89D}"
EndProject
Project("{E24C65DC-7377-472B-9ABA-BC803B73C61A}") = "Restaurant.CMS", "..\..\Restaurant.CMS\", "{BB578C8B-4E31-476B-9D30-C72432171998}"
	ProjectSection(WebsiteProperties) = preProject
		TargetFrameworkMoniker = ".NETFramework,Version%3Dv4.5.2"
		Debug.AspNetCompiler.VirtualPath = "/localhost_1663"
		Debug.AspNetCompiler.PhysicalPath = "..\..\Restaurant.CMS\"
		Debug.AspNetCompiler.TargetPath = "PrecompiledWeb\localhost_1663\"
		Debug.AspNetCompiler.Updateable = "true"
		Debug.AspNetCompiler.ForceOverwrite = "true"
		Debug.AspNetCompiler.FixedNames = "false"
		Debug.AspNetCompiler.Debug = "True"
		Release.AspNetCompiler.VirtualPath = "/localhost_1663"
		Release.AspNetCompiler.PhysicalPath = "..\..\Restaurant.CMS\"
		Release.AspNetCompiler.TargetPath = "PrecompiledWeb\localhost_1663\"
		Release.AspNetCompiler.Updateable = "true"
		Release.AspNetCompiler.ForceOverwrite = "true"
		Release.AspNetCompiler.FixedNames = "false"
		Release.AspNetCompiler.Debug = "False"
		VWDPort = "1663"
		DefaultWebSiteLanguage = "Visual C#"
	EndProjectSection
EndProject
Global
	GlobalSection(SolutionConfigurationPlatforms) = preSolution
		Debug|Any CPU = Debug|Any CPU
		Release|Any CPU = Release|Any CPU
	EndGlobalSection
	GlobalSection(ProjectConfigurationPlatforms) = postSolution
		{6BB3CEA7-8D1B-460F-8EF3-A5263CE1C713}.Debug|Any CPU.ActiveCfg = Debug|Any CPU
		{6BB3CEA7-8D1B-460F-8EF3-A5263CE1C713}.Debug|Any CPU.Build.0 = Debug|Any CPU
		{6BB3CEA7-8D1B-460F-8EF3-A5263CE1C713}.Release|Any CPU.ActiveCfg = Release|Any CPU
		{6BB3CEA7-8D1B-460F-8EF3-A5263CE1C713}.Release|Any CPU.Build.0 = Release|Any CPU
		{15CCBE9C-758D-409A-A0DA-113AD7F8541E}.Debug|Any CPU.ActiveCfg = Debug|Any CPU
		{15CCBE9C-758D-409A-A0DA-113AD7F8541E}.Debug|Any CPU.Build.0 = Debug|Any CPU
		{15CCBE9C-758D-409A-A0DA-113AD7F8541E}.Release|Any CPU.ActiveCfg = Release|Any CPU
		{15CCBE9C-758D-409A-A0DA-113AD7F8541E}.Release|Any CPU.Build.0 = Release|Any CPU
		{9094FBBA-221F-4060-9BD7-FD40879E4B9D}.Debug|Any CPU.ActiveCfg = Debug|Any CPU
		{9094FBBA-221F-4060-9BD7-FD40879E4B9D}.Debug|Any CPU.Build.0 = Debug|Any CPU
		{9094FBBA-221F-4060-9BD7-FD40879E4B9D}.Release|Any CPU.ActiveCfg = Release|Any CPU
		{9094FBBA-221F-4060-9BD7-FD40879E4B9D}.Release|Any CPU.Build.0 = Release|Any CPU
		{128F17BB-1335-4BF1-8799-A95ED9DA965F}.Debug|Any CPU.ActiveCfg = Debug|Any CPU
		{128F17BB-1335-4BF1-8799-A95ED9DA965F}.Debug|Any CPU.Build.0 = Debug|Any CPU
		{128F17BB-1335-4BF1-8799-A95ED9DA965F}.Debug|Any CPU.Deploy.0 = Debug|Any CPU
		{128F17BB-1335-4BF1-8799-A95ED9DA965F}.Release|Any CPU.ActiveCfg = Release|Any CPU
		{128F17BB-1335-4BF1-8799-A95ED9DA965F}.Release|Any CPU.Build.0 = Release|Any CPU
		{128F17BB-1335-4BF1-8799-A95ED9DA965F}.Release|Any CPU.Deploy.0 = Release|Any CPU
		{CD78DE41-B665-4616-AB2B-BF292816937A}.Debug|Any CPU.ActiveCfg = Debug|Any CPU
		{CD78DE41-B665-4616-AB2B-BF292816937A}.Debug|Any CPU.Build.0 = Debug|Any CPU
		{CD78DE41-B665-4616-AB2B-BF292816937A}.Release|Any CPU.ActiveCfg = Release|Any CPU
		{CD78DE41-B665-4616-AB2B-BF292816937A}.Release|Any CPU.Build.0 = Release|Any CPU
		{0EE12CA2-AF35-4332-B0A2-5A2FE804CCDA}.Debug|Any CPU.ActiveCfg = Debug|Any CPU
		{0EE12CA2-AF35-4332-B0A2-5A2FE804CCDA}.Debug|Any CPU.Build.0 = Debug|Any CPU
		{0EE12CA2-AF35-4332-B0A2-5A2FE804CCDA}.Release|Any CPU.ActiveCfg = Release|Any CPU
		{0EE12CA2-AF35-4332-B0A2-5A2FE804CCDA}.Release|Any CPU.Build.0 = Release|Any CPU
		{36757EF9-F496-43DF-93A2-2B173A36F89D}.Debug|Any CPU.ActiveCfg = Debug|Any CPU
		{36757EF9-F496-43DF-93A2-2B173A36F89D}.Debug|Any CPU.Build.0 = Debug|Any CPU
		{36757EF9-F496-43DF-93A2-2B173A36F89D}.Release|Any CPU.ActiveCfg = Release|Any CPU
		{36757EF9-F496-43DF-93A2-2B173A36F89D}.Release|Any CPU.Build.0 = Release|Any CPU
		{BB578C8B-4E31-476B-9D30-C72432171998}.Debug|Any CPU.ActiveCfg = Debug|Any CPU
		{BB578C8B-4E31-476B-9D30-C72432171998}.Debug|Any CPU.Build.0 = Debug|Any CPU
		{BB578C8B-4E31-476B-9D30-C72432171998}.Release|Any CPU.ActiveCfg = Debug|Any CPU
		{BB578C8B-4E31-476B-9D30-C72432171998}.Release|Any CPU.Build.0 = Debug|Any CPU
	EndGlobalSection
	GlobalSection(SolutionProperties) = preSolution
		HideSolutionNode = FALSE
	EndGlobalSection
EndGlobal
